
Microsoft Visual Studio Solution File, Format Version 11.00
# Visual Studio 2010
Project("{FAE04EC0-301F-11D3-BF4B-00C04F79EFBC}") = "FFDataProcessor", "FFDataProcessor\FFDataProcessor.csproj", "{89428CA4-C1A4-4F5A-8B9B-2C12280A7254}"
EndProject
Global
	GlobalSection(SolutionConfigurationPlatforms) = preSolution
		Debug|x86 = Debug|x86
		Release|x86 = Release|x86
	EndGlobalSection
	GlobalSection(ProjectConfigurationPlatforms) = postSolution
		{89428CA4-C1A4-4F5A-8B9B-2C12280A7254}.Debug|x86.ActiveCfg = Debug|x86
		{89428CA4-C1A4-4F5A-8B9B-2C12280A7254}.Debug|x86.Build.0 = Debug|x86
		{89428CA4-C1A4-4F5A-8B9B-2C12280A7254}.Release|x86.ActiveCfg = Release|x86
		{89428CA4-C1A4-4F5A-8B9B-2C12280A7254}.Release|x86.Build.0 = Release|x86
	EndGlobalSection
	GlobalSection(SolutionProperties) = preSolution
		HideSolutionNode = FALSE
	EndGlobalSection
EndGlobal
